
Microsoft Visual Studio Solution File, Format Version 12.00
# Visual Studio Version 17
VisualStudioVersion = 17.10.35013.160
MinimumVisualStudioVersion = 10.0.40219.1
Project("{FAE04EC0-301F-11D3-BF4B-00C04F79EFBC}") = "1_Travel_Package", "1_Travel_Package\1_Travel_Package.csproj", "{2F514FB1-BFF9-47C9-BAA1-18830905ED2E}"
EndProject
Global
	GlobalSection(SolutionConfigurationPlatforms) = preSolution
		Debug|Any CPU = Debug|Any CPU
		Release|Any CPU = Release|Any CPU
	EndGlobalSection
	GlobalSection(ProjectConfigurationPlatforms) = postSolution
		{2F514FB1-BFF9-47C9-BAA1-18830905ED2E}.Debug|Any CPU.ActiveCfg = Debug|Any CPU
		{2F514FB1-BFF9-47C9-BAA1-18830905ED2E}.Debug|Any CPU.Build.0 = Debug|Any CPU
		{2F514FB1-BFF9-47C9-BAA1-18830905ED2E}.Release|Any CPU.ActiveCfg = Release|Any CPU
		{2F514FB1-BFF9-47C9-BAA1-18830905ED2E}.Release|Any CPU.Build.0 = Release|Any CPU
	EndGlobalSection
	GlobalSection(SolutionProperties) = preSolution
		HideSolutionNode = FALSE
	EndGlobalSection
	GlobalSection(ExtensibilityGlobals) = postSolution
		SolutionGuid = {2A3CB634-63BF-4253-AF31-D62C623B4A1C}
	EndGlobalSection
EndGlobal
